# THIS IS AN AUTOGENERATED FILE. DO NOT EDIT THIS FILE DIRECTLY.
# yarn lockfile v1


"@bokuweb/pixelmatch-wasm@^0.0.1":
  version "0.0.1"
  resolved "https://registry.yarnpkg.com/@bokuweb/pixelmatch-wasm/-/pixelmatch-wasm-0.0.1.tgz#d3b69b6d5596a4f234f3f6efe1665ed350af05ab"
  integrity sha512-EIylothzUWPTUtnaXoZdcZ60Bk83Hb1PfOOvigkE/NUM4RTCmUfHXCXJ9oJ4B+wdEB3IvqpAhkFhZ9aZePXW0w==
