# THIS IS AN AUTOGENERATED FILE. DO NOT EDIT THIS FILE DIRECTLY.
# yarn lockfile v1


"@bokuweb/pixelmatch-wasm@^0.0.1":
  version "0.0.1"
  resolved "https://registry.yarnpkg.com/@bokuweb/pixelmatch-wasm/-/pixelmatch-wasm-0.0.1.tgz#d3b69b6d5596a4f234f3f6efe1665ed350af05ab"
  integrity sha512-EIylothzUWPTUtnaXoZdcZ60Bk83Hb1PfOOvigkE/NUM4RTCmUfHXCXJ9oJ4B+wdEB3IvqpAhkFhZ9aZePXW0w==

pngjs@^6.0.0:
  version "6.0.0"
  resolved "https://registry.yarnpkg.com/pngjs/-/pngjs-6.0.0.tgz#ca9e5d2aa48db0228a52c419c3308e87720da821"
  integrity sha512-TRzzuFRRmEoSW/p1KVAmiOgPco2Irlah+bGFCeNfJXxxYGwSw7YwAOAcd7X28K/m5bjBWKsC29KyoMfHbypayg==
